{
  "name": "@talhabw/opencode-browser",
  "version": "5.0.1",
  "lockfileVersion": 3,
  "requires": true,
  "packages": {
    "": {
      "name": "@talhabw/opencode-browser",
      "version": "5.0.1",
      "hasInstallScript": true,
      "license": "MIT",
      "bin": {
        "opencode-browser": "bin/cli.js"
      },
      "devDependencies": {
        "@opencode-ai/plugin": "*",
        "bun-types": "*"
      },
      "peerDependencies": {
        "@opencode-ai/plugin": "*"
      }
    },
    "node_modules/@opencode-ai/plugin": {
      "version": "1.1.6",
      "resolved": "https://registry.npmjs.org/@opencode-ai/plugin/-/plugin-1.1.6.tgz",
      "integrity": "sha512-psGajIrj4V03gn85/7Xy5YXdPoCsRGwBsifruG5TfG63+7Jd1TENNufp+SxGb+xtlddDteDMGVHSnE98q9LbDw==",
      "dev": true,
      "license": "MIT",
      "dependencies": {
        "@opencode-ai/sdk": "1.1.6",
        "zod": "4.1.8"
      }
    },
    "node_modules/@opencode-ai/plugin/node_modules/zod": {
      "version": "4.1.8",
      "resolved": "https://registry.npmjs.org/zod/-/zod-4.1.8.tgz",
      "integrity": "sha512-5R1P+WwQqmmMIEACyzSvo4JXHY5WiAFHRMg+zBZKgKS+Q1viRa0C1hmUKtHltoIFKtIdki3pRxkmpP74jnNYHQ==",
      "dev": true,
      "license": "MIT",
      "funding": {
        "url": "https://github.com/sponsors/colinhacks"
      }
    },
    "node_modules/@opencode-ai/sdk": {
      "version": "1.1.6",
      "resolved": "https://registry.npmjs.org/@opencode-ai/sdk/-/sdk-1.1.6.tgz",
      "integrity": "sha512-7Tiso9BExVgxz86VY6F807McCyOgu/SCaQJ87wwxxVSN8GpPpmUIYN5h6LH38EBNJWKXDjokasn/y9EkKxOisQ==",
      "dev": true,
      "license": "MIT"
    },
    "node_modules/@types/node": {
      "version": "25.0.3",
      "resolved": "https://registry.npmjs.org/@types/node/-/node-25.0.3.tgz",
      "integrity": "sha512-W609buLVRVmeW693xKfzHeIV6nJGGz98uCPfeXI1ELMLXVeKYZ9m15fAMSaUPBHYLGFsVRcMmSCksQOrZV9BYA==",
      "dev": true,
      "license": "MIT",
      "dependencies": {
        "undici-types": "~7.16.0"
      }
    },
    "node_modules/bun-types": {
      "version": "1.3.5",
      "resolved": "https://registry.npmjs.org/bun-types/-/bun-types-1.3.5.tgz",
      "integrity": "sha512-inmAYe2PFLs0SUbFOWSVD24sg1jFlMPxOjOSSCYqUgn4Hsc3rDc7dFvfVYjFPNHtov6kgUeulV4SxbuIV/stPw==",
      "dev": true,
      "license": "MIT",
      "dependencies": {
        "@types/node": "*"
      }
    },
    "node_modules/undici-types": {
      "version": "7.16.0",
      "resolved": "https://registry.npmjs.org/undici-types/-/undici-types-7.16.0.tgz",
      "integrity": "sha512-Zz+aZWSj8LE6zoxD+xrjh4VfkIG8Ya6LvYkZqtUQGJPZjYl53ypCaUwWqo7eI0x66KBGeRo+mlBEkMSeSZ38Nw==",
      "dev": true,
      "license": "MIT"
    }
  }
}
